<?xml version="1.0" encoding="utf-8"?>
<Project ToolsVersion="4.0" xmlns="http://schemas.microsoft.com/developer/msbuild/2003">
  <ItemGroup>
    <ClCompile Include="loader.cpp" />
    <ClCompile Include="FileWatcher.cpp" />
    <ClCompile Include="DefParser.cpp" />
  </ItemGroup>
  <ItemGroup>
    <ClInclude Include="loader.h" />
    <ClInclude Include="FileWatcher.h" />
    <ClInclude Include="JSON.h" />
    <ClInclude Include="DefParser.h" />
    <ClInclude Include="hash.h" />
    <ClInclude Include="output_string.h" />
  </ItemGroup>
  <ItemGroup>
    <CustomBuild Include="output.h" />
  </ItemGroup>
</Project>